// !$*UTF8*$!
{
	archiveVersion = 1;
	classes = {
	};
	objectVersion = 77;
	objects = {

/* Begin PBXBuildFile section */
		017AAB532CEB91D300A7A8D2 /* WidgetKit.framework in Frameworks */ = {isa = PBXBuildFile; fileRef = 017AAB382CEB917400A7A8D2 /* WidgetKit.framework */; };
		017AAB542CEB91D300A7A8D2 /* SwiftUI.framework in Frameworks */ = {isa = PBXBuildFile; fileRef = 017AAB3A2CEB917400A7A8D2 /* SwiftUI.framework */; };
		017AAB612CEB91D400A7A8D2 /* TimetableWidgetExtension.appex in Embed Foundation Extensions */ = {isa = PBXBuildFile; fileRef = 017AAB522CEB91D300A7A8D2 /* TimetableWidgetExtension.appex */; settings = {ATTRIBUTES = (RemoveHeadersOnCopy, ); }; };
		01E7D9C12CED430900086C3C /* .gitignore in Resources */ = {isa = PBXBuildFile; fileRef = 01E7D9C02CED430400086C3C /* .gitignore */; };
/* End PBXBuildFile section */

/* Begin PBXContainerItemProxy section */
		017AAB5F2CEB91D400A7A8D2 /* PBXContainerItemProxy */ = {
			isa = PBXContainerItemProxy;
			containerPortal = 010443932CE7B194000B9286 /* Project object */;
			proxyType = 1;
			remoteGlobalIDString = 017AAB512CEB91D300A7A8D2;
			remoteInfo = TimetableWidgetExtension;
		};
/* End PBXContainerItemProxy section */

/* Begin PBXCopyFilesBuildPhase section */
		017AAB4D2CEB917600A7A8D2 /* Embed Foundation Extensions */ = {
			isa = PBXCopyFilesBuildPhase;
			buildActionMask = 2147483647;
			dstPath = "";
			dstSubfolderSpec = 13;
			files = (
				017AAB612CEB91D400A7A8D2 /* TimetableWidgetExtension.appex in Embed Foundation Extensions */,
			);
			name = "Embed Foundation Extensions";
			runOnlyForDeploymentPostprocessing = 0;
		};
/* End PBXCopyFilesBuildPhase section */

/* Begin PBXFileReference section */
		0104439B2CE7B194000B9286 /* TimetableManager.app */ = {isa = PBXFileReference; explicitFileType = wrapper.application; includeInIndex = 0; path = TimetableManager.app; sourceTree = BUILT_PRODUCTS_DIR; };
		017AAB382CEB917400A7A8D2 /* WidgetKit.framework */ = {isa = PBXFileReference; lastKnownFileType = wrapper.framework; name = WidgetKit.framework; path = System/Library/Frameworks/WidgetKit.framework; sourceTree = SDKROOT; };
		017AAB3A2CEB917400A7A8D2 /* SwiftUI.framework */ = {isa = PBXFileReference; lastKnownFileType = wrapper.framework; name = SwiftUI.framework; path = System/Library/Frameworks/SwiftUI.framework; sourceTree = SDKROOT; };
		017AAB522CEB91D300A7A8D2 /* TimetableWidgetExtension.appex */ = {isa = PBXFileReference; explicitFileType = "wrapper.app-extension"; includeInIndex = 0; path = TimetableWidgetExtension.appex; sourceTree = BUILT_PRODUCTS_DIR; };
		01E7D9C02CED430400086C3C /* .gitignore */ = {isa = PBXFileReference; lastKnownFileType = text; path = .gitignore; sourceTree = "<group>"; };
		01E7D9C22CED435D00086C3C /* Untitled.swift */ = {isa = PBXFileReference; lastKnownFileType = sourcecode.swift; path = Untitled.swift; sourceTree = "<group>"; };
/* End PBXFileReference section */

/* Begin PBXFileSystemSynchronizedBuildFileExceptionSet section */
		017AAB622CEB91D400A7A8D2 /* Exceptions for "TimetableWidget" folder in "TimetableWidgetExtension" target */ = {
			isa = PBXFileSystemSynchronizedBuildFileExceptionSet;
			membershipExceptions = (
				Info.plist,
			);
			target = 017AAB512CEB91D300A7A8D2 /* TimetableWidgetExtension */;
		};
		017AAB952CEB94A000A7A8D2 /* Exceptions for "TimetableManager" folder in "TimetableWidgetExtension" target */ = {
			isa = PBXFileSystemSynchronizedBuildFileExceptionSet;
			membershipExceptions = (
				Attributes/TimetableWidgetAttributes.swift,
			);
			target = 017AAB512CEB91D300A7A8D2 /* TimetableWidgetExtension */;
		};
		017AAB992CEB9C6E00A7A8D2 /* Exceptions for "TimetableManager" folder in "TimetableManager" target */ = {
			isa = PBXFileSystemSynchronizedBuildFileExceptionSet;
			membershipExceptions = (
				Info.plist,
			);
			target = 0104439A2CE7B194000B9286 /* TimetableManager */;
		};
/* End PBXFileSystemSynchronizedBuildFileExceptionSet section */

/* Begin PBXFileSystemSynchronizedRootGroup section */
		0104439D2CE7B194000B9286 /* TimetableManager */ = {
			isa = PBXFileSystemSynchronizedRootGroup;
			exceptions = (
				017AAB992CEB9C6E00A7A8D2 /* Exceptions for "TimetableManager" folder in "TimetableManager" target */,
				017AAB952CEB94A000A7A8D2 /* Exceptions for "TimetableManager" folder in "TimetableWidgetExtension" target */,
			);
			path = TimetableManager;
			sourceTree = "<group>";
		};
		017AAB552CEB91D300A7A8D2 /* TimetableWidget */ = {
			isa = PBXFileSystemSynchronizedRootGroup;
			exceptions = (
				017AAB622CEB91D400A7A8D2 /* Exceptions for "TimetableWidget" folder in "TimetableWidgetExtension" target */,
			);
			path = TimetableWidget;
			sourceTree = "<group>";
		};
/* End PBXFileSystemSynchronizedRootGroup section */

/* Begin PBXFrameworksBuildPhase section */
		010443982CE7B194000B9286 /* Frameworks */ = {
			isa = PBXFrameworksBuildPhase;
			buildActionMask = 2147483647;
			files = (
			);
			runOnlyForDeploymentPostprocessing = 0;
		};
		017AAB4F2CEB91D300A7A8D2 /* Frameworks */ = {
			isa = PBXFrameworksBuildPhase;
			buildActionMask = 2147483647;
			files = (
				017AAB542CEB91D300A7A8D2 /* SwiftUI.framework in Frameworks */,
				017AAB532CEB91D300A7A8D2 /* WidgetKit.framework in Frameworks */,
			);
			runOnlyForDeploymentPostprocessing = 0;
		};
/* End PBXFrameworksBuildPhase section */

/* Begin PBXGroup section */
		010443922CE7B194000B9286 = {
			isa = PBXGroup;
			children = (
				0104439D2CE7B194000B9286 /* TimetableManager */,
				017AAB552CEB91D300A7A8D2 /* TimetableWidget */,
				017AAB372CEB917400A7A8D2 /* Frameworks */,
				0104439C2CE7B194000B9286 /* Products */,
				01E7D9C02CED430400086C3C /* .gitignore */,
				01E7D9C22CED435D00086C3C /* Untitled.swift */,
			);
			sourceTree = "<group>";
		};
		0104439C2CE7B194000B9286 /* Products */ = {
			isa = PBXGroup;
			children = (
				0104439B2CE7B194000B9286 /* TimetableManager.app */,
				017AAB522CEB91D300A7A8D2 /* TimetableWidgetExtension.appex */,
			);
			name = Products;
			sourceTree = "<group>";
		};
		017AAB372CEB917400A7A8D2 /* Frameworks */ = {
			isa = PBXGroup;
			children = (
				017AAB382CEB917400A7A8D2 /* WidgetKit.framework */,
				017AAB3A2CEB917400A7A8D2 /* SwiftUI.framework */,
			);
			name = Frameworks;
			sourceTree = "<group>";
		};
/* End PBXGroup section */

/* Begin PBXNativeTarget section */
		0104439A2CE7B194000B9286 /* TimetableManager */ = {
			isa = PBXNativeTarget;
			buildConfigurationList = 010443A92CE7B195000B9286 /* Build configuration list for PBXNativeTarget "TimetableManager" */;
			buildPhases = (
				010443972CE7B194000B9286 /* Sources */,
				010443982CE7B194000B9286 /* Frameworks */,
				010443992CE7B194000B9286 /* Resources */,
				017AAB4D2CEB917600A7A8D2 /* Embed Foundation Extensions */,
			);
			buildRules = (
			);
			dependencies = (
				017AAB602CEB91D400A7A8D2 /* PBXTargetDependency */,
			);
			fileSystemSynchronizedGroups = (
				0104439D2CE7B194000B9286 /* TimetableManager */,
			);
			name = TimetableManager;
			packageProductDependencies = (
			);
			productName = TimetableManager;
			productReference = 0104439B2CE7B194000B9286 /* TimetableManager.app */;
			productType = "com.apple.product-type.application";
		};
		017AAB512CEB91D300A7A8D2 /* TimetableWidgetExtension */ = {
			isa = PBXNativeTarget;
			buildConfigurationList = 017AAB632CEB91D400A7A8D2 /* Build configuration list for PBXNativeTarget "TimetableWidgetExtension" */;
			buildPhases = (
				017AAB4E2CEB91D300A7A8D2 /* Sources */,
				017AAB4F2CEB91D300A7A8D2 /* Frameworks */,
				017AAB502CEB91D300A7A8D2 /* Resources */,
			);
			buildRules = (
			);
			dependencies = (
			);
			fileSystemSynchronizedGroups = (
				017AAB552CEB91D300A7A8D2 /* TimetableWidget */,
			);
			name = TimetableWidgetExtension;
			packageProductDependencies = (
			);
			productName = TimetableWidgetExtension;
			productReference = 017AAB522CEB91D300A7A8D2 /* TimetableWidgetExtension.appex */;
			productType = "com.apple.product-type.app-extension";
		};
/* End PBXNativeTarget section */

/* Begin PBXProject section */
		010443932CE7B194000B9286 /* Project object */ = {
			isa = PBXProject;
			attributes = {
				BuildIndependentTargetsInParallel = 1;
				LastSwiftUpdateCheck = 1610;
				LastUpgradeCheck = 1610;
				TargetAttributes = {
					0104439A2CE7B194000B9286 = {
						CreatedOnToolsVersion = 16.1;
					};
					017AAB512CEB91D300A7A8D2 = {
						CreatedOnToolsVersion = 16.1;
					};
				};
			};
			buildConfigurationList = 010443962CE7B194000B9286 /* Build configuration list for PBXProject "TimetableManager" */;
			developmentRegion = en;
			hasScannedForEncodings = 0;
			knownRegions = (
				en,
				Base,
			);
			mainGroup = 010443922CE7B194000B9286;
			minimizedProjectReferenceProxies = 1;
			preferredProjectObjectVersion = 77;
			productRefGroup = 0104439C2CE7B194000B9286 /* Products */;
			projectDirPath = "";
			projectRoot = "";
			targets = (
				0104439A2CE7B194000B9286 /* TimetableManager */,
				017AAB512CEB91D300A7A8D2 /* TimetableWidgetExtension */,
			);
		};
/* End PBXProject section */

/* Begin PBXResourcesBuildPhase section */
		010443992CE7B194000B9286 /* Resources */ = {
			isa = PBXResourcesBuildPhase;
			buildActionMask = 2147483647;
			files = (
				01E7D9C12CED430900086C3C /* .gitignore in Resources */,
			);
			runOnlyForDeploymentPostprocessing = 0;
		};
		017AAB502CEB91D300A7A8D2 /* Resources */ = {
			isa = PBXResourcesBuildPhase;
			buildActionMask = 2147483647;
			files = (
			);
			runOnlyForDeploymentPostprocessing = 0;
		};
/* End PBXResourcesBuildPhase section */

/* Begin PBXSourcesBuildPhase section */
		010443972CE7B194000B9286 /* Sources */ = {
			isa = PBXSourcesBuildPhase;
			buildActionMask = 2147483647;
			files = (
			);
			runOnlyForDeploymentPostprocessing = 0;
		};
		017AAB4E2CEB91D300A7A8D2 /* Sources */ = {
			isa = PBXSourcesBuildPhase;
			buildActionMask = 2147483647;
			files = (
			);
			runOnlyForDeploymentPostprocessing = 0;
		};
/* End PBXSourcesBuildPhase section */

/* Begin PBXTargetDependency section */
		017AAB602CEB91D400A7A8D2 /* PBXTargetDependency */ = {
			isa = PBXTargetDependency;
			target = 017AAB512CEB91D300A7A8D2 /* TimetableWidgetExtension */;
			targetProxy = 017AAB5F2CEB91D400A7A8D2 /* PBXContainerItemProxy */;
		};
/* End PBXTargetDependency section */

/* Begin XCBuildConfiguration section */
		010443A72CE7B195000B9286 /* Debug */ = {
			isa = XCBuildConfiguration;
			buildSettings = {
				ALWAYS_SEARCH_USER_PATHS = NO;
				ASSETCATALOG_COMPILER_GENERATE_SWIFT_ASSET_SYMBOL_EXTENSIONS = YES;
				CLANG_ANALYZER_NONNULL = YES;
				CLANG_ANALYZER_NUMBER_OBJECT_CONVERSION = YES_AGGRESSIVE;
				CLANG_CXX_LANGUAGE_STANDARD = "gnu++20";
				CLANG_ENABLE_MODULES = YES;
				CLANG_ENABLE_OBJC_ARC = YES;
				CLANG_ENABLE_OBJC_WEAK = YES;
				CLANG_WARN_BLOCK_CAPTURE_AUTORELEASING = YES;
				CLANG_WARN_BOOL_CONVERSION = YES;
				CLANG_WARN_COMMA = YES;
				CLANG_WARN_CONSTANT_CONVERSION = YES;
				CLANG_WARN_DEPRECATED_OBJC_IMPLEMENTATIONS = YES;
				CLANG_WARN_DIRECT_OBJC_ISA_USAGE = YES_ERROR;
				CLANG_WARN_DOCUMENTATION_COMMENTS = YES;
				CLANG_WARN_EMPTY_BODY = YES;
				CLANG_WARN_ENUM_CONVERSION = YES;
				CLANG_WARN_INFINITE_RECURSION = YES;
				CLANG_WARN_INT_CONVERSION = YES;
				CLANG_WARN_NON_LITERAL_NULL_CONVERSION = YES;
				CLANG_WARN_OBJC_IMPLICIT_RETAIN_SELF = YES;
				CLANG_WARN_OBJC_LITERAL_CONVERSION = YES;
				CLANG_WARN_OBJC_ROOT_CLASS = YES_ERROR;
				CLANG_WARN_QUOTED_INCLUDE_IN_FRAMEWORK_HEADER = YES;
				CLANG_WARN_RANGE_LOOP_ANALYSIS = YES;
				CLANG_WARN_STRICT_PROTOTYPES = YES;
				CLANG_WARN_SUSPICIOUS_MOVE = YES;
				CLANG_WARN_UNGUARDED_AVAILABILITY = YES_AGGRESSIVE;
				CLANG_WARN_UNREACHABLE_CODE = YES;
				CLANG_WARN__DUPLICATE_METHOD_MATCH = YES;
				COPY_PHASE_STRIP = NO;
				DEBUG_INFORMATION_FORMAT = dwarf;
				ENABLE_STRICT_OBJC_MSGSEND = YES;
				ENABLE_TESTABILITY = YES;
				ENABLE_USER_SCRIPT_SANDBOXING = YES;
				GCC_C_LANGUAGE_STANDARD = gnu17;
				GCC_DYNAMIC_NO_PIC = NO;
				GCC_NO_COMMON_BLOCKS = YES;
				GCC_OPTIMIZATION_LEVEL = 0;
				GCC_PREPROCESSOR_DEFINITIONS = (
					"DEBUG=1",
					"$(inherited)",
				);
				GCC_WARN_64_TO_32_BIT_CONVERSION = YES;
				GCC_WARN_ABOUT_RETURN_TYPE = YES_ERROR;
				GCC_WARN_UNDECLARED_SELECTOR = YES;
				GCC_WARN_UNINITIALIZED_AUTOS = YES_AGGRESSIVE;
				GCC_WARN_UNUSED_FUNCTION = YES;
				GCC_WARN_UNUSED_VARIABLE = YES;
				IPHONEOS_DEPLOYMENT_TARGET = 18.1;
				LOCALIZATION_PREFERS_STRING_CATALOGS = YES;
				MTL_ENABLE_DEBUG_INFO = INCLUDE_SOURCE;
				MTL_FAST_MATH = YES;
				ONLY_ACTIVE_ARCH = YES;
				SDKROOT = iphoneos;
				SWIFT_ACTIVE_COMPILATION_CONDITIONS = "DEBUG $(inherited)";
				SWIFT_OPTIMIZATION_LEVEL = "-Onone";
			};
			name = Debug;
		};
		010443A82CE7B195000B9286 /* Release */ = {
			isa = XCBuildConfiguration;
			buildSettings = {
				ALWAYS_SEARCH_USER_PATHS = NO;
				ASSETCATALOG_COMPILER_GENERATE_SWIFT_ASSET_SYMBOL_EXTENSIONS = YES;
				CLANG_ANALYZER_NONNULL = YES;
				CLANG_ANALYZER_NUMBER_OBJECT_CONVERSION = YES_AGGRESSIVE;
				CLANG_CXX_LANGUAGE_STANDARD = "gnu++20";
				CLANG_ENABLE_MODULES = YES;
				CLANG_ENABLE_OBJC_ARC = YES;
				CLANG_ENABLE_OBJC_WEAK = YES;
				CLANG_WARN_BLOCK_CAPTURE_AUTORELEASING = YES;
				CLANG_WARN_BOOL_CONVERSION = YES;
				CLANG_WARN_COMMA = YES;
				CLANG_WARN_CONSTANT_CONVERSION = YES;
				CLANG_WARN_DEPRECATED_OBJC_IMPLEMENTATIONS = YES;
				CLANG_WARN_DIRECT_OBJC_ISA_USAGE = YES_ERROR;
				CLANG_WARN_DOCUMENTATION_COMMENTS = YES;
				CLANG_WARN_EMPTY_BODY = YES;
				CLANG_WARN_ENUM_CONVERSION = YES;
				CLANG_WARN_INFINITE_RECURSION = YES;
				CLANG_WARN_INT_CONVERSION = YES;
				CLANG_WARN_NON_LITERAL_NULL_CONVERSION = YES;
				CLANG_WARN_OBJC_IMPLICIT_RETAIN_SELF = YES;
				CLANG_WARN_OBJC_LITERAL_CONVERSION = YES;
				CLANG_WARN_OBJC_ROOT_CLASS = YES_ERROR;
				CLANG_WARN_QUOTED_INCLUDE_IN_FRAMEWORK_HEADER = YES;
				CLANG_WARN_RANGE_LOOP_ANALYSIS = YES;
				CLANG_WARN_STRICT_PROTOTYPES = YES;
				CLANG_WARN_SUSPICIOUS_MOVE = YES;
				CLANG_WARN_UNGUARDED_AVAILABILITY = YES_AGGRESSIVE;
				CLANG_WARN_UNREACHABLE_CODE = YES;
				CLANG_WARN__DUPLICATE_METHOD_MATCH = YES;
				COPY_PHASE_STRIP = NO;
				DEBUG_INFORMATION_FORMAT = "dwarf-with-dsym";
				ENABLE_NS_ASSERTIONS = NO;
				ENABLE_STRICT_OBJC_MSGSEND = YES;
				ENABLE_USER_SCRIPT_SANDBOXING = YES;
				GCC_C_LANGUAGE_STANDARD = gnu17;
				GCC_NO_COMMON_BLOCKS = YES;
				GCC_WARN_64_TO_32_BIT_CONVERSION = YES;
				GCC_WARN_ABOUT_RETURN_TYPE = YES_ERROR;
				GCC_WARN_UNDECLARED_SELECTOR = YES;
				GCC_WARN_UNINITIALIZED_AUTOS = YES_AGGRESSIVE;
				GCC_WARN_UNUSED_FUNCTION = YES;
				GCC_WARN_UNUSED_VARIABLE = YES;
				IPHONEOS_DEPLOYMENT_TARGET = 18.1;
				LOCALIZATION_PREFERS_STRING_CATALOGS = YES;
				MTL_ENABLE_DEBUG_INFO = NO;
				MTL_FAST_MATH = YES;
				SDKROOT = iphoneos;
				SWIFT_COMPILATION_MODE = wholemodule;
				VALIDATE_PRODUCT = YES;
			};
			name = Release;
		};
		010443AA2CE7B195000B9286 /* Debug */ = {
			isa = XCBuildConfiguration;
			buildSettings = {
				ASSETCATALOG_COMPILER_APPICON_NAME = AppIcon;
				ASSETCATALOG_COMPILER_GLOBAL_ACCENT_COLOR_NAME = AccentColor;
				CODE_SIGN_STYLE = Automatic;
				CURRENT_PROJECT_VERSION = 1;
				DEVELOPMENT_ASSET_PATHS = "\"TimetableManager/Preview Content\"";
				DEVELOPMENT_TEAM = 5ZSXT6MJC9;
				ENABLE_PREVIEWS = YES;
				GENERATE_INFOPLIST_FILE = YES;
				INFOPLIST_FILE = TimetableManager/Info.plist;
				INFOPLIST_KEY_NSSupportsLiveActivities = YES;
				INFOPLIST_KEY_UIApplicationSupportsIndirectInputEvents = YES;
				INFOPLIST_KEY_UILaunchScreen_Generation = YES;
				INFOPLIST_KEY_UISupportedInterfaceOrientations_iPad = "UIInterfaceOrientationPortrait UIInterfaceOrientationPortraitUpsideDown UIInterfaceOrientationLandscapeLeft UIInterfaceOrientationLandscapeRight";
				INFOPLIST_KEY_UISupportedInterfaceOrientations_iPhone = "UIInterfaceOrientationPortrait UIInterfaceOrientationLandscapeLeft UIInterfaceOrientationLandscapeRight";
				LD_RUNPATH_SEARCH_PATHS = (
					"$(inherited)",
					"@executable_path/Frameworks",
				);
				MARKETING_VERSION = 1.0;
				PRODUCT_BUNDLE_IDENTIFIER = nocos.TimetableManager;
				PRODUCT_NAME = "$(TARGET_NAME)";
				SWIFT_EMIT_LOC_STRINGS = YES;
				SWIFT_VERSION = 5.0;
				TARGETED_DEVICE_FAMILY = "1,2";
			};
			name = Debug;
		};
		010443AB2CE7B195000B9286 /* Release */ = {
			isa = XCBuildConfiguration;
			buildSettings = {
				ASSETCATALOG_COMPILER_APPICON_NAME = AppIcon;
				ASSETCATALOG_COMPILER_GLOBAL_ACCENT_COLOR_NAME = AccentColor;
				CODE_SIGN_STYLE = Automatic;
				CURRENT_PROJECT_VERSION = 1;
				DEVELOPMENT_ASSET_PATHS = "\"TimetableManager/Preview Content\"";
				DEVELOPMENT_TEAM = 5ZSXT6MJC9;
				ENABLE_PREVIEWS = YES;
				GENERATE_INFOPLIST_FILE = YES;
				INFOPLIST_FILE = TimetableManager/Info.plist;
				INFOPLIST_KEY_NSSupportsLiveActivities = YES;
				INFOPLIST_KEY_UIApplicationSupportsIndirectInputEvents = YES;
				INFOPLIST_KEY_UILaunchScreen_Generation = YES;
				INFOPLIST_KEY_UISupportedInterfaceOrientations_iPad = "UIInterfaceOrientationPortrait UIInterfaceOrientationPortraitUpsideDown UIInterfaceOrientationLandscapeLeft UIInterfaceOrientationLandscapeRight";
				INFOPLIST_KEY_UISupportedInterfaceOrientations_iPhone = "UIInterfaceOrientationPortrait UIInterfaceOrientationLandscapeLeft UIInterfaceOrientationLandscapeRight";
				LD_RUNPATH_SEARCH_PATHS = (
					"$(inherited)",
					"@executable_path/Frameworks",
				);
				MARKETING_VERSION = 1.0;
				PRODUCT_BUNDLE_IDENTIFIER = nocos.TimetableManager;
				PRODUCT_NAME = "$(TARGET_NAME)";
				SWIFT_EMIT_LOC_STRINGS = YES;
				SWIFT_VERSION = 5.0;
				TARGETED_DEVICE_FAMILY = "1,2";
			};
			name = Release;
		};
		017AAB642CEB91D400A7A8D2 /* Debug */ = {
			isa = XCBuildConfiguration;
			buildSettings = {
				ASSETCATALOG_COMPILER_GLOBAL_ACCENT_COLOR_NAME = AccentColor;
				ASSETCATALOG_COMPILER_WIDGET_BACKGROUND_COLOR_NAME = WidgetBackground;
				CODE_SIGN_STYLE = Automatic;
				CURRENT_PROJECT_VERSION = 1;
				DEVELOPMENT_TEAM = 5ZSXT6MJC9;
				GENERATE_INFOPLIST_FILE = YES;
				INFOPLIST_FILE = TimetableWidget/Info.plist;
				INFOPLIST_KEY_CFBundleDisplayName = TimetableWidget;
				INFOPLIST_KEY_NSHumanReadableCopyright = "";
				LD_RUNPATH_SEARCH_PATHS = (
					"$(inherited)",
					"@executable_path/Frameworks",
					"@executable_path/../../Frameworks",
				);
				MARKETING_VERSION = 1.0;
				PRODUCT_BUNDLE_IDENTIFIER = nocos.TimetableManager.TimetableWidget;
				PRODUCT_NAME = "$(TARGET_NAME)";
				SKIP_INSTALL = YES;
				SWIFT_EMIT_LOC_STRINGS = YES;
				SWIFT_VERSION = 5.0;
				TARGETED_DEVICE_FAMILY = "1,2";
			};
			name = Debug;
		};
		017AAB652CEB91D400A7A8D2 /* Release */ = {
			isa = XCBuildConfiguration;
			buildSettings = {
				ASSETCATALOG_COMPILER_GLOBAL_ACCENT_COLOR_NAME = AccentColor;
				ASSETCATALOG_COMPILER_WIDGET_BACKGROUND_COLOR_NAME = WidgetBackground;
				CODE_SIGN_STYLE = Automatic;
				CURRENT_PROJECT_VERSION = 1;
				DEVELOPMENT_TEAM = 5ZSXT6MJC9;
				GENERATE_INFOPLIST_FILE = YES;
				INFOPLIST_FILE = TimetableWidget/Info.plist;
				INFOPLIST_KEY_CFBundleDisplayName = TimetableWidget;
				INFOPLIST_KEY_NSHumanReadableCopyright = "";
				LD_RUNPATH_SEARCH_PATHS = (
					"$(inherited)",
					"@executable_path/Frameworks",
					"@executable_path/../../Frameworks",
				);
				MARKETING_VERSION = 1.0;
				PRODUCT_BUNDLE_IDENTIFIER = nocos.TimetableManager.TimetableWidget;
				PRODUCT_NAME = "$(TARGET_NAME)";
				SKIP_INSTALL = YES;
				SWIFT_EMIT_LOC_STRINGS = YES;
				SWIFT_VERSION = 5.0;
				TARGETED_DEVICE_FAMILY = "1,2";
			};
			name = Release;
		};
/* End XCBuildConfiguration section */

/* Begin XCConfigurationList section */
		010443962CE7B194000B9286 /* Build configuration list for PBXProject "TimetableManager" */ = {
			isa = XCConfigurationList;
			buildConfigurations = (
				010443A72CE7B195000B9286 /* Debug */,
				010443A82CE7B195000B9286 /* Release */,
			);
			defaultConfigurationIsVisible = 0;
			defaultConfigurationName = Release;
		};
		010443A92CE7B195000B9286 /* Build configuration list for PBXNativeTarget "TimetableManager" */ = {
			isa = XCConfigurationList;
			buildConfigurations = (
				010443AA2CE7B195000B9286 /* Debug */,
				010443AB2CE7B195000B9286 /* Release */,
			);
			defaultConfigurationIsVisible = 0;
			defaultConfigurationName = Release;
		};
		017AAB632CEB91D400A7A8D2 /* Build configuration list for PBXNativeTarget "TimetableWidgetExtension" */ = {
			isa = XCConfigurationList;
			buildConfigurations = (
				017AAB642CEB91D400A7A8D2 /* Debug */,
				017AAB652CEB91D400A7A8D2 /* Release */,
			);
			defaultConfigurationIsVisible = 0;
			defaultConfigurationName = Release;
		};
/* End XCConfigurationList section */
	};
	rootObject = 010443932CE7B194000B9286 /* Project object */;
}
